
Microsoft Visual Studio Solution File, Format Version 12.00
# Visual Studio Version 17
VisualStudioVersion = 17.8.34330.188
MinimumVisualStudioVersion = 10.0.40219.1
Project("{9A19103F-16F7-4668-BE54-9A1E7A4F7556}") = "JewelryAuctionData", "JewelryAuctionData\JewelryAuctionData.csproj", "{066678E7-A1B4-4739-B380-10B0E70E72C9}"
EndProject
Project("{9A19103F-16F7-4668-BE54-9A1E7A4F7556}") = "JewelryAuctionBusiness", "JewelryAuctionBusiness\JewelryAuctionBusiness.csproj", "{8D7F335D-515E-427D-A002-9376337DA2BB}"
EndProject
Project("{9A19103F-16F7-4668-BE54-9A1E7A4F7556}") = "JewelryAuctionWebAPI", "JewelryAuctionWebAPI\JewelryAuctionWebAPI.csproj", "{631950A8-7871-408F-A7A5-8A202499F07F}"
EndProject
Project("{9A19103F-16F7-4668-BE54-9A1E7A4F7556}") = "JewelryAuctionWebApp", "JewelryAuctionWebApp\JewelryAuctionWebApp.csproj", "{13358ED4-966B-4228-8B0C-63675EDC8088}"
EndProject
Project("{9A19103F-16F7-4668-BE54-9A1E7A4F7556}") = "Common", "Common\Common.csproj", "{F7D9B762-9D42-46F0-A14E-15C2D898DF42}"
EndProject
Global
	GlobalSection(SolutionConfigurationPlatforms) = preSolution
		Debug|Any CPU = Debug|Any CPU
		Release|Any CPU = Release|Any CPU
	EndGlobalSection
	GlobalSection(ProjectConfigurationPlatforms) = postSolution
		{066678E7-A1B4-4739-B380-10B0E70E72C9}.Debug|Any CPU.ActiveCfg = Debug|Any CPU
		{066678E7-A1B4-4739-B380-10B0E70E72C9}.Debug|Any CPU.Build.0 = Debug|Any CPU
		{066678E7-A1B4-4739-B380-10B0E70E72C9}.Release|Any CPU.ActiveCfg = Release|Any CPU
		{066678E7-A1B4-4739-B380-10B0E70E72C9}.Release|Any CPU.Build.0 = Release|Any CPU
		{8D7F335D-515E-427D-A002-9376337DA2BB}.Debug|Any CPU.ActiveCfg = Debug|Any CPU
		{8D7F335D-515E-427D-A002-9376337DA2BB}.Debug|Any CPU.Build.0 = Debug|Any CPU
		{8D7F335D-515E-427D-A002-9376337DA2BB}.Release|Any CPU.ActiveCfg = Release|Any CPU
		{8D7F335D-515E-427D-A002-9376337DA2BB}.Release|Any CPU.Build.0 = Release|Any CPU
		{631950A8-7871-408F-A7A5-8A202499F07F}.Debug|Any CPU.ActiveCfg = Debug|Any CPU
		{631950A8-7871-408F-A7A5-8A202499F07F}.Debug|Any CPU.Build.0 = Debug|Any CPU
		{631950A8-7871-408F-A7A5-8A202499F07F}.Release|Any CPU.ActiveCfg = Release|Any CPU
		{631950A8-7871-408F-A7A5-8A202499F07F}.Release|Any CPU.Build.0 = Release|Any CPU
		{13358ED4-966B-4228-8B0C-63675EDC8088}.Debug|Any CPU.ActiveCfg = Debug|Any CPU
		{13358ED4-966B-4228-8B0C-63675EDC8088}.Debug|Any CPU.Build.0 = Debug|Any CPU
		{13358ED4-966B-4228-8B0C-63675EDC8088}.Release|Any CPU.ActiveCfg = Release|Any CPU
		{13358ED4-966B-4228-8B0C-63675EDC8088}.Release|Any CPU.Build.0 = Release|Any CPU
		{F7D9B762-9D42-46F0-A14E-15C2D898DF42}.Debug|Any CPU.ActiveCfg = Debug|Any CPU
		{F7D9B762-9D42-46F0-A14E-15C2D898DF42}.Debug|Any CPU.Build.0 = Debug|Any CPU
		{F7D9B762-9D42-46F0-A14E-15C2D898DF42}.Release|Any CPU.ActiveCfg = Release|Any CPU
		{F7D9B762-9D42-46F0-A14E-15C2D898DF42}.Release|Any CPU.Build.0 = Release|Any CPU
	EndGlobalSection
	GlobalSection(SolutionProperties) = preSolution
		HideSolutionNode = FALSE
	EndGlobalSection
	GlobalSection(ExtensibilityGlobals) = postSolution
		SolutionGuid = {C703F91E-DBFD-49BF-AA3C-C4831C4F93B9}
	EndGlobalSection
EndGlobal
